
Microsoft Visual Studio Solution File, Format Version 12.00
# Visual Studio Version 16
VisualStudioVersion = 16.0.30204.135
MinimumVisualStudioVersion = 10.0.40219.1
Project("{FAE04EC0-301F-11D3-BF4B-00C04F79EFBC}") = "Entregable_OmarLopez", "Entregable_OmarLopez\Entregable_OmarLopez.csproj", "{9E3EC17E-5724-4FB1-9F8C-3A581E396C1A}"
EndProject
Global
	GlobalSection(SolutionConfigurationPlatforms) = preSolution
		Debug|Any CPU = Debug|Any CPU
		Release|Any CPU = Release|Any CPU
	EndGlobalSection
	GlobalSection(ProjectConfigurationPlatforms) = postSolution
		{9E3EC17E-5724-4FB1-9F8C-3A581E396C1A}.Debug|Any CPU.ActiveCfg = Debug|Any CPU
		{9E3EC17E-5724-4FB1-9F8C-3A581E396C1A}.Debug|Any CPU.Build.0 = Debug|Any CPU
		{9E3EC17E-5724-4FB1-9F8C-3A581E396C1A}.Release|Any CPU.ActiveCfg = Release|Any CPU
		{9E3EC17E-5724-4FB1-9F8C-3A581E396C1A}.Release|Any CPU.Build.0 = Release|Any CPU
	EndGlobalSection
	GlobalSection(SolutionProperties) = preSolution
		HideSolutionNode = FALSE
	EndGlobalSection
	GlobalSection(ExtensibilityGlobals) = postSolution
		SolutionGuid = {473E8F6E-4B05-41D7-B1EA-62195E90FE6A}
	EndGlobalSection
EndGlobal
